
Microsoft Visual Studio Solution File, Format Version 12.00
# Visual Studio Version 17
VisualStudioVersion = 17.0.31903.59
MinimumVisualStudioVersion = 10.0.40219.1
Project("{FAE04EC0-301F-11D3-BF4B-00C04F79EFBC}") = "Products.API", "Products.API\Products.API.csproj", "{307B462E-C918-45CD-9B17-623AEFD544BF}"
EndProject
Project("{FAE04EC0-301F-11D3-BF4B-00C04F79EFBC}") = "DataAccessLayer", "DataAccessLayer\DataAccessLayer.csproj", "{0B541368-6A30-4283-AEDA-3DA1BB63C41E}"
EndProject
Project("{FAE04EC0-301F-11D3-BF4B-00C04F79EFBC}") = "BusinessLogicLayer", "BusinessLogicLayer\BusinessLogicLayer.csproj", "{85E2202E-EF58-41C3-99BF-07F22CE4D80C}"
EndProject
Global
	GlobalSection(SolutionConfigurationPlatforms) = preSolution
		Debug|Any CPU = Debug|Any CPU
		Release|Any CPU = Release|Any CPU
	EndGlobalSection
	GlobalSection(SolutionProperties) = preSolution
		HideSolutionNode = FALSE
	EndGlobalSection
	GlobalSection(ProjectConfigurationPlatforms) = postSolution
		{307B462E-C918-45CD-9B17-623AEFD544BF}.Debug|Any CPU.ActiveCfg = Debug|Any CPU
		{307B462E-C918-45CD-9B17-623AEFD544BF}.Debug|Any CPU.Build.0 = Debug|Any CPU
		{307B462E-C918-45CD-9B17-623AEFD544BF}.Release|Any CPU.ActiveCfg = Release|Any CPU
		{307B462E-C918-45CD-9B17-623AEFD544BF}.Release|Any CPU.Build.0 = Release|Any CPU
		{0B541368-6A30-4283-AEDA-3DA1BB63C41E}.Debug|Any CPU.ActiveCfg = Debug|Any CPU
		{0B541368-6A30-4283-AEDA-3DA1BB63C41E}.Debug|Any CPU.Build.0 = Debug|Any CPU
		{0B541368-6A30-4283-AEDA-3DA1BB63C41E}.Release|Any CPU.ActiveCfg = Release|Any CPU
		{0B541368-6A30-4283-AEDA-3DA1BB63C41E}.Release|Any CPU.Build.0 = Release|Any CPU
		{85E2202E-EF58-41C3-99BF-07F22CE4D80C}.Debug|Any CPU.ActiveCfg = Debug|Any CPU
		{85E2202E-EF58-41C3-99BF-07F22CE4D80C}.Debug|Any CPU.Build.0 = Debug|Any CPU
		{85E2202E-EF58-41C3-99BF-07F22CE4D80C}.Release|Any CPU.ActiveCfg = Release|Any CPU
		{85E2202E-EF58-41C3-99BF-07F22CE4D80C}.Release|Any CPU.Build.0 = Release|Any CPU
	EndGlobalSection
EndGlobal
